
Microsoft Visual Studio Solution File, Format Version 12.00
# Visual Studio Version 17
VisualStudioVersion = 17.0.31903.59
MinimumVisualStudioVersion = 10.0.40219.1
Project("{2150E333-8FDC-42A3-9474-1A3956D46DE8}") = "src", "src", "{827E0CD3-B72D-47B6-A68D-7590B98EB39B}"
EndProject
Project("{FAE04EC0-301F-11D3-BF4B-00C04F79EFBC}") = "ghGPT.Api", "src\ghGPT.Api\ghGPT.Api.csproj", "{E6D65BD8-470C-4754-9DCC-34882BF12683}"
EndProject
Project("{FAE04EC0-301F-11D3-BF4B-00C04F79EFBC}") = "ghGPT.Core", "src\ghGPT.Core\ghGPT.Core.csproj", "{FD1B937A-00A1-4A9F-A19B-50404986175A}"
EndProject
Project("{FAE04EC0-301F-11D3-BF4B-00C04F79EFBC}") = "ghGPT.Infrastructure", "src\ghGPT.Infrastructure\ghGPT.Infrastructure.csproj", "{F83A6657-544C-4439-902E-7501461A75A1}"
EndProject
Project("{2150E333-8FDC-42A3-9474-1A3956D46DE8}") = "tests", "tests", "{0AB3BF05-4346-4AA6-1389-037BE0695223}"
EndProject
Project("{FAE04EC0-301F-11D3-BF4B-00C04F79EFBC}") = "ghGPT.Api.Tests", "tests\ghGPT.Api.Tests\ghGPT.Api.Tests.csproj", "{3A10DD5C-CF31-4BB8-8F61-D07D8F343FE8}"
EndProject
Project("{FAE04EC0-301F-11D3-BF4B-00C04F79EFBC}") = "ghGPT.Core.Tests", "tests\ghGPT.Core.Tests\ghGPT.Core.Tests.csproj", "{ABA3EBEF-5F27-442C-8888-5986BEAD592A}"
EndProject
Project("{FAE04EC0-301F-11D3-BF4B-00C04F79EFBC}") = "ghGPT.Infrastructure.Tests", "tests\ghGPT.Infrastructure.Tests\ghGPT.Infrastructure.Tests.csproj", "{C6F43E69-75D3-40CF-8973-8F666821DAAA}"
EndProject
Project("{FAE04EC0-301F-11D3-BF4B-00C04F79EFBC}") = "GhCli.Net", "src\GhCli.Net\GhCli.Net.csproj", "{4130E5A8-8132-4406-BADA-950F4E3DF15A}"
EndProject
Project("{FAE04EC0-301F-11D3-BF4B-00C04F79EFBC}") = "GhCli.Net.Tests", "tests\GhCli.Net.Tests\GhCli.Net.Tests.csproj", "{F969A5BE-39E3-436A-BC7F-090BF889C9FE}"
EndProject
Project("{2150E333-8FDC-42A3-9474-1A3956D46DE8}") = "tools", "tools", "{07C2787E-EAC7-C090-1BA3-A61EC2A24D84}"
EndProject
Project("{FAE04EC0-301F-11D3-BF4B-00C04F79EFBC}") = "GhCli.Net.Console", "tools\GhCli.Net.Console\GhCli.Net.Console.csproj", "{779F38CB-6559-4BE9-B3EE-23D060CC2210}"
EndProject
Project("{FAE04EC0-301F-11D3-BF4B-00C04F79EFBC}") = "ghGPT.Ai", "src\ghGPT.Ai\ghGPT.Ai.csproj", "{E4CB81EC-2861-4C91-814E-2499BBB9425E}"
EndProject
Project("{FAE04EC0-301F-11D3-BF4B-00C04F79EFBC}") = "ghGPT.Ai.Tests", "tests\ghGPT.Ai.Tests\ghGPT.Ai.Tests.csproj", "{79EAF723-1AFC-4D6C-AFFD-BC117FC2C0C1}"
EndProject
Project("{FAE04EC0-301F-11D3-BF4B-00C04F79EFBC}") = "ghGPT.Ai.Ollama", "src\ghGPT.Ai.Ollama\ghGPT.Ai.Ollama.csproj", "{E1AA1A7A-72D8-4581-BA6A-1BD465AF866A}"
EndProject
Project("{FAE04EC0-301F-11D3-BF4B-00C04F79EFBC}") = "ghGPT.Ai.Tools", "src\ghGPT.Ai.Tools\ghGPT.Ai.Tools.csproj", "{31680589-95BA-455D-AC44-62E524BFAC05}"
EndProject
Project("{FAE04EC0-301F-11D3-BF4B-00C04F79EFBC}") = "ghGPT.Ai.Abstractions", "src\ghGPT.Ai.Abstractions\ghGPT.Ai.Abstractions.csproj", "{0FEF39F9-1192-4448-89D0-7CF9E2B4910B}"
EndProject
Global
	GlobalSection(SolutionConfigurationPlatforms) = preSolution
		Debug|Any CPU = Debug|Any CPU
		Debug|x64 = Debug|x64
		Debug|x86 = Debug|x86
		Release|Any CPU = Release|Any CPU
		Release|x64 = Release|x64
		Release|x86 = Release|x86
	EndGlobalSection
	GlobalSection(ProjectConfigurationPlatforms) = postSolution
		{E6D65BD8-470C-4754-9DCC-34882BF12683}.Debug|Any CPU.ActiveCfg = Debug|Any CPU
		{E6D65BD8-470C-4754-9DCC-34882BF12683}.Debug|Any CPU.Build.0 = Debug|Any CPU
		{E6D65BD8-470C-4754-9DCC-34882BF12683}.Debug|x64.ActiveCfg = Debug|Any CPU
		{E6D65BD8-470C-4754-9DCC-34882BF12683}.Debug|x64.Build.0 = Debug|Any CPU
		{E6D65BD8-470C-4754-9DCC-34882BF12683}.Debug|x86.ActiveCfg = Debug|Any CPU
		{E6D65BD8-470C-4754-9DCC-34882BF12683}.Debug|x86.Build.0 = Debug|Any CPU
		{E6D65BD8-470C-4754-9DCC-34882BF12683}.Release|Any CPU.ActiveCfg = Release|Any CPU
		{E6D65BD8-470C-4754-9DCC-34882BF12683}.Release|Any CPU.Build.0 = Release|Any CPU
		{E6D65BD8-470C-4754-9DCC-34882BF12683}.Release|x64.ActiveCfg = Release|Any CPU
		{E6D65BD8-470C-4754-9DCC-34882BF12683}.Release|x64.Build.0 = Release|Any CPU
		{E6D65BD8-470C-4754-9DCC-34882BF12683}.Release|x86.ActiveCfg = Release|Any CPU
		{E6D65BD8-470C-4754-9DCC-34882BF12683}.Release|x86.Build.0 = Release|Any CPU
		{FD1B937A-00A1-4A9F-A19B-50404986175A}.Debug|Any CPU.ActiveCfg = Debug|Any CPU
		{FD1B937A-00A1-4A9F-A19B-50404986175A}.Debug|Any CPU.Build.0 = Debug|Any CPU
		{FD1B937A-00A1-4A9F-A19B-50404986175A}.Debug|x64.ActiveCfg = Debug|Any CPU
		{FD1B937A-00A1-4A9F-A19B-50404986175A}.Debug|x64.Build.0 = Debug|Any CPU
		{FD1B937A-00A1-4A9F-A19B-50404986175A}.Debug|x86.ActiveCfg = Debug|Any CPU
		{FD1B937A-00A1-4A9F-A19B-50404986175A}.Debug|x86.Build.0 = Debug|Any CPU
		{FD1B937A-00A1-4A9F-A19B-50404986175A}.Release|Any CPU.ActiveCfg = Release|Any CPU
		{FD1B937A-00A1-4A9F-A19B-50404986175A}.Release|Any CPU.Build.0 = Release|Any CPU
		{FD1B937A-00A1-4A9F-A19B-50404986175A}.Release|x64.ActiveCfg = Release|Any CPU
		{FD1B937A-00A1-4A9F-A19B-50404986175A}.Release|x64.Build.0 = Release|Any CPU
		{FD1B937A-00A1-4A9F-A19B-50404986175A}.Release|x86.ActiveCfg = Release|Any CPU
		{FD1B937A-00A1-4A9F-A19B-50404986175A}.Release|x86.Build.0 = Release|Any CPU
		{F83A6657-544C-4439-902E-7501461A75A1}.Debug|Any CPU.ActiveCfg = Debug|Any CPU
		{F83A6657-544C-4439-902E-7501461A75A1}.Debug|Any CPU.Build.0 = Debug|Any CPU
		{F83A6657-544C-4439-902E-7501461A75A1}.Debug|x64.ActiveCfg = Debug|Any CPU
		{F83A6657-544C-4439-902E-7501461A75A1}.Debug|x64.Build.0 = Debug|Any CPU
		{F83A6657-544C-4439-902E-7501461A75A1}.Debug|x86.ActiveCfg = Debug|Any CPU
		{F83A6657-544C-4439-902E-7501461A75A1}.Debug|x86.Build.0 = Debug|Any CPU
		{F83A6657-544C-4439-902E-7501461A75A1}.Release|Any CPU.ActiveCfg = Release|Any CPU
		{F83A6657-544C-4439-902E-7501461A75A1}.Release|Any CPU.Build.0 = Release|Any CPU
		{F83A6657-544C-4439-902E-7501461A75A1}.Release|x64.ActiveCfg = Release|Any CPU
		{F83A6657-544C-4439-902E-7501461A75A1}.Release|x64.Build.0 = Release|Any CPU
		{F83A6657-544C-4439-902E-7501461A75A1}.Release|x86.ActiveCfg = Release|Any CPU
		{F83A6657-544C-4439-902E-7501461A75A1}.Release|x86.Build.0 = Release|Any CPU
		{3A10DD5C-CF31-4BB8-8F61-D07D8F343FE8}.Debug|Any CPU.ActiveCfg = Debug|Any CPU
		{3A10DD5C-CF31-4BB8-8F61-D07D8F343FE8}.Debug|Any CPU.Build.0 = Debug|Any CPU
		{3A10DD5C-CF31-4BB8-8F61-D07D8F343FE8}.Debug|x64.ActiveCfg = Debug|Any CPU
		{3A10DD5C-CF31-4BB8-8F61-D07D8F343FE8}.Debug|x64.Build.0 = Debug|Any CPU
		{3A10DD5C-CF31-4BB8-8F61-D07D8F343FE8}.Debug|x86.ActiveCfg = Debug|Any CPU
		{3A10DD5C-CF31-4BB8-8F61-D07D8F343FE8}.Debug|x86.Build.0 = Debug|Any CPU
		{3A10DD5C-CF31-4BB8-8F61-D07D8F343FE8}.Release|Any CPU.ActiveCfg = Release|Any CPU
		{3A10DD5C-CF31-4BB8-8F61-D07D8F343FE8}.Release|Any CPU.Build.0 = Release|Any CPU
		{3A10DD5C-CF31-4BB8-8F61-D07D8F343FE8}.Release|x64.ActiveCfg = Release|Any CPU
		{3A10DD5C-CF31-4BB8-8F61-D07D8F343FE8}.Release|x64.Build.0 = Release|Any CPU
		{3A10DD5C-CF31-4BB8-8F61-D07D8F343FE8}.Release|x86.ActiveCfg = Release|Any CPU
		{3A10DD5C-CF31-4BB8-8F61-D07D8F343FE8}.Release|x86.Build.0 = Release|Any CPU
		{ABA3EBEF-5F27-442C-8888-5986BEAD592A}.Debug|Any CPU.ActiveCfg = Debug|Any CPU
		{ABA3EBEF-5F27-442C-8888-5986BEAD592A}.Debug|Any CPU.Build.0 = Debug|Any CPU
		{ABA3EBEF-5F27-442C-8888-5986BEAD592A}.Debug|x64.ActiveCfg = Debug|Any CPU
		{ABA3EBEF-5F27-442C-8888-5986BEAD592A}.Debug|x64.Build.0 = Debug|Any CPU
		{ABA3EBEF-5F27-442C-8888-5986BEAD592A}.Debug|x86.ActiveCfg = Debug|Any CPU
		{ABA3EBEF-5F27-442C-8888-5986BEAD592A}.Debug|x86.Build.0 = Debug|Any CPU
		{ABA3EBEF-5F27-442C-8888-5986BEAD592A}.Release|Any CPU.ActiveCfg = Release|Any CPU
		{ABA3EBEF-5F27-442C-8888-5986BEAD592A}.Release|Any CPU.Build.0 = Release|Any CPU
		{ABA3EBEF-5F27-442C-8888-5986BEAD592A}.Release|x64.ActiveCfg = Release|Any CPU
		{ABA3EBEF-5F27-442C-8888-5986BEAD592A}.Release|x64.Build.0 = Release|Any CPU
		{ABA3EBEF-5F27-442C-8888-5986BEAD592A}.Release|x86.ActiveCfg = Release|Any CPU
		{ABA3EBEF-5F27-442C-8888-5986BEAD592A}.Release|x86.Build.0 = Release|Any CPU
		{C6F43E69-75D3-40CF-8973-8F666821DAAA}.Debug|Any CPU.ActiveCfg = Debug|Any CPU
		{C6F43E69-75D3-40CF-8973-8F666821DAAA}.Debug|Any CPU.Build.0 = Debug|Any CPU
		{C6F43E69-75D3-40CF-8973-8F666821DAAA}.Debug|x64.ActiveCfg = Debug|Any CPU
		{C6F43E69-75D3-40CF-8973-8F666821DAAA}.Debug|x64.Build.0 = Debug|Any CPU
		{C6F43E69-75D3-40CF-8973-8F666821DAAA}.Debug|x86.ActiveCfg = Debug|Any CPU
		{C6F43E69-75D3-40CF-8973-8F666821DAAA}.Debug|x86.Build.0 = Debug|Any CPU
		{C6F43E69-75D3-40CF-8973-8F666821DAAA}.Release|Any CPU.ActiveCfg = Release|Any CPU
		{C6F43E69-75D3-40CF-8973-8F666821DAAA}.Release|Any CPU.Build.0 = Release|Any CPU
		{C6F43E69-75D3-40CF-8973-8F666821DAAA}.Release|x64.ActiveCfg = Release|Any CPU
		{C6F43E69-75D3-40CF-8973-8F666821DAAA}.Release|x64.Build.0 = Release|Any CPU
		{C6F43E69-75D3-40CF-8973-8F666821DAAA}.Release|x86.ActiveCfg = Release|Any CPU
		{C6F43E69-75D3-40CF-8973-8F666821DAAA}.Release|x86.Build.0 = Release|Any CPU
		{4130E5A8-8132-4406-BADA-950F4E3DF15A}.Debug|Any CPU.ActiveCfg = Debug|Any CPU
		{4130E5A8-8132-4406-BADA-950F4E3DF15A}.Debug|Any CPU.Build.0 = Debug|Any CPU
		{4130E5A8-8132-4406-BADA-950F4E3DF15A}.Debug|x64.ActiveCfg = Debug|Any CPU
		{4130E5A8-8132-4406-BADA-950F4E3DF15A}.Debug|x64.Build.0 = Debug|Any CPU
		{4130E5A8-8132-4406-BADA-950F4E3DF15A}.Debug|x86.ActiveCfg = Debug|Any CPU
		{4130E5A8-8132-4406-BADA-950F4E3DF15A}.Debug|x86.Build.0 = Debug|Any CPU
		{4130E5A8-8132-4406-BADA-950F4E3DF15A}.Release|Any CPU.ActiveCfg = Release|Any CPU
		{4130E5A8-8132-4406-BADA-950F4E3DF15A}.Release|Any CPU.Build.0 = Release|Any CPU
		{4130E5A8-8132-4406-BADA-950F4E3DF15A}.Release|x64.ActiveCfg = Release|Any CPU
		{4130E5A8-8132-4406-BADA-950F4E3DF15A}.Release|x64.Build.0 = Release|Any CPU
		{4130E5A8-8132-4406-BADA-950F4E3DF15A}.Release|x86.ActiveCfg = Release|Any CPU
		{4130E5A8-8132-4406-BADA-950F4E3DF15A}.Release|x86.Build.0 = Release|Any CPU
		{F969A5BE-39E3-436A-BC7F-090BF889C9FE}.Debug|Any CPU.ActiveCfg = Debug|Any CPU
		{F969A5BE-39E3-436A-BC7F-090BF889C9FE}.Debug|Any CPU.Build.0 = Debug|Any CPU
		{F969A5BE-39E3-436A-BC7F-090BF889C9FE}.Debug|x64.ActiveCfg = Debug|Any CPU
		{F969A5BE-39E3-436A-BC7F-090BF889C9FE}.Debug|x64.Build.0 = Debug|Any CPU
		{F969A5BE-39E3-436A-BC7F-090BF889C9FE}.Debug|x86.ActiveCfg = Debug|Any CPU
		{F969A5BE-39E3-436A-BC7F-090BF889C9FE}.Debug|x86.Build.0 = Debug|Any CPU
		{F969A5BE-39E3-436A-BC7F-090BF889C9FE}.Release|Any CPU.ActiveCfg = Release|Any CPU
		{F969A5BE-39E3-436A-BC7F-090BF889C9FE}.Release|Any CPU.Build.0 = Release|Any CPU
		{F969A5BE-39E3-436A-BC7F-090BF889C9FE}.Release|x64.ActiveCfg = Release|Any CPU
		{F969A5BE-39E3-436A-BC7F-090BF889C9FE}.Release|x64.Build.0 = Release|Any CPU
		{F969A5BE-39E3-436A-BC7F-090BF889C9FE}.Release|x86.ActiveCfg = Release|Any CPU
		{F969A5BE-39E3-436A-BC7F-090BF889C9FE}.Release|x86.Build.0 = Release|Any CPU
		{779F38CB-6559-4BE9-B3EE-23D060CC2210}.Debug|Any CPU.ActiveCfg = Debug|Any CPU
		{779F38CB-6559-4BE9-B3EE-23D060CC2210}.Debug|Any CPU.Build.0 = Debug|Any CPU
		{779F38CB-6559-4BE9-B3EE-23D060CC2210}.Debug|x64.ActiveCfg = Debug|Any CPU
		{779F38CB-6559-4BE9-B3EE-23D060CC2210}.Debug|x64.Build.0 = Debug|Any CPU
		{779F38CB-6559-4BE9-B3EE-23D060CC2210}.Debug|x86.ActiveCfg = Debug|Any CPU
		{779F38CB-6559-4BE9-B3EE-23D060CC2210}.Debug|x86.Build.0 = Debug|Any CPU
		{779F38CB-6559-4BE9-B3EE-23D060CC2210}.Release|Any CPU.ActiveCfg = Release|Any CPU
		{779F38CB-6559-4BE9-B3EE-23D060CC2210}.Release|Any CPU.Build.0 = Release|Any CPU
		{779F38CB-6559-4BE9-B3EE-23D060CC2210}.Release|x64.ActiveCfg = Release|Any CPU
		{779F38CB-6559-4BE9-B3EE-23D060CC2210}.Release|x64.Build.0 = Release|Any CPU
		{779F38CB-6559-4BE9-B3EE-23D060CC2210}.Release|x86.ActiveCfg = Release|Any CPU
		{779F38CB-6559-4BE9-B3EE-23D060CC2210}.Release|x86.Build.0 = Release|Any CPU
		{E4CB81EC-2861-4C91-814E-2499BBB9425E}.Debug|Any CPU.ActiveCfg = Debug|Any CPU
		{E4CB81EC-2861-4C91-814E-2499BBB9425E}.Debug|Any CPU.Build.0 = Debug|Any CPU
		{E4CB81EC-2861-4C91-814E-2499BBB9425E}.Debug|x64.ActiveCfg = Debug|Any CPU
		{E4CB81EC-2861-4C91-814E-2499BBB9425E}.Debug|x64.Build.0 = Debug|Any CPU
		{E4CB81EC-2861-4C91-814E-2499BBB9425E}.Debug|x86.ActiveCfg = Debug|Any CPU
		{E4CB81EC-2861-4C91-814E-2499BBB9425E}.Debug|x86.Build.0 = Debug|Any CPU
		{E4CB81EC-2861-4C91-814E-2499BBB9425E}.Release|Any CPU.ActiveCfg = Release|Any CPU
		{E4CB81EC-2861-4C91-814E-2499BBB9425E}.Release|Any CPU.Build.0 = Release|Any CPU
		{E4CB81EC-2861-4C91-814E-2499BBB9425E}.Release|x64.ActiveCfg = Release|Any CPU
		{E4CB81EC-2861-4C91-814E-2499BBB9425E}.Release|x64.Build.0 = Release|Any CPU
		{E4CB81EC-2861-4C91-814E-2499BBB9425E}.Release|x86.ActiveCfg = Release|Any CPU
		{E4CB81EC-2861-4C91-814E-2499BBB9425E}.Release|x86.Build.0 = Release|Any CPU
		{79EAF723-1AFC-4D6C-AFFD-BC117FC2C0C1}.Debug|Any CPU.ActiveCfg = Debug|Any CPU
		{79EAF723-1AFC-4D6C-AFFD-BC117FC2C0C1}.Debug|Any CPU.Build.0 = Debug|Any CPU
		{79EAF723-1AFC-4D6C-AFFD-BC117FC2C0C1}.Debug|x64.ActiveCfg = Debug|Any CPU
		{79EAF723-1AFC-4D6C-AFFD-BC117FC2C0C1}.Debug|x64.Build.0 = Debug|Any CPU
		{79EAF723-1AFC-4D6C-AFFD-BC117FC2C0C1}.Debug|x86.ActiveCfg = Debug|Any CPU
		{79EAF723-1AFC-4D6C-AFFD-BC117FC2C0C1}.Debug|x86.Build.0 = Debug|Any CPU
		{79EAF723-1AFC-4D6C-AFFD-BC117FC2C0C1}.Release|Any CPU.ActiveCfg = Release|Any CPU
		{79EAF723-1AFC-4D6C-AFFD-BC117FC2C0C1}.Release|Any CPU.Build.0 = Release|Any CPU
		{79EAF723-1AFC-4D6C-AFFD-BC117FC2C0C1}.Release|x64.ActiveCfg = Release|Any CPU
		{79EAF723-1AFC-4D6C-AFFD-BC117FC2C0C1}.Release|x64.Build.0 = Release|Any CPU
		{79EAF723-1AFC-4D6C-AFFD-BC117FC2C0C1}.Release|x86.ActiveCfg = Release|Any CPU
		{79EAF723-1AFC-4D6C-AFFD-BC117FC2C0C1}.Release|x86.Build.0 = Release|Any CPU
		{E1AA1A7A-72D8-4581-BA6A-1BD465AF866A}.Debug|Any CPU.ActiveCfg = Debug|Any CPU
		{E1AA1A7A-72D8-4581-BA6A-1BD465AF866A}.Debug|Any CPU.Build.0 = Debug|Any CPU
		{E1AA1A7A-72D8-4581-BA6A-1BD465AF866A}.Debug|x64.ActiveCfg = Debug|Any CPU
		{E1AA1A7A-72D8-4581-BA6A-1BD465AF866A}.Debug|x64.Build.0 = Debug|Any CPU
		{E1AA1A7A-72D8-4581-BA6A-1BD465AF866A}.Debug|x86.ActiveCfg = Debug|Any CPU
		{E1AA1A7A-72D8-4581-BA6A-1BD465AF866A}.Debug|x86.Build.0 = Debug|Any CPU
		{E1AA1A7A-72D8-4581-BA6A-1BD465AF866A}.Release|Any CPU.ActiveCfg = Release|Any CPU
		{E1AA1A7A-72D8-4581-BA6A-1BD465AF866A}.Release|Any CPU.Build.0 = Release|Any CPU
		{E1AA1A7A-72D8-4581-BA6A-1BD465AF866A}.Release|x64.ActiveCfg = Release|Any CPU
		{E1AA1A7A-72D8-4581-BA6A-1BD465AF866A}.Release|x64.Build.0 = Release|Any CPU
		{E1AA1A7A-72D8-4581-BA6A-1BD465AF866A}.Release|x86.ActiveCfg = Release|Any CPU
		{E1AA1A7A-72D8-4581-BA6A-1BD465AF866A}.Release|x86.Build.0 = Release|Any CPU
		{31680589-95BA-455D-AC44-62E524BFAC05}.Debug|Any CPU.ActiveCfg = Debug|Any CPU
		{31680589-95BA-455D-AC44-62E524BFAC05}.Debug|Any CPU.Build.0 = Debug|Any CPU
		{31680589-95BA-455D-AC44-62E524BFAC05}.Debug|x64.ActiveCfg = Debug|Any CPU
		{31680589-95BA-455D-AC44-62E524BFAC05}.Debug|x64.Build.0 = Debug|Any CPU
		{31680589-95BA-455D-AC44-62E524BFAC05}.Debug|x86.ActiveCfg = Debug|Any CPU
		{31680589-95BA-455D-AC44-62E524BFAC05}.Debug|x86.Build.0 = Debug|Any CPU
		{31680589-95BA-455D-AC44-62E524BFAC05}.Release|Any CPU.ActiveCfg = Release|Any CPU
		{31680589-95BA-455D-AC44-62E524BFAC05}.Release|Any CPU.Build.0 = Release|Any CPU
		{31680589-95BA-455D-AC44-62E524BFAC05}.Release|x64.ActiveCfg = Release|Any CPU
		{31680589-95BA-455D-AC44-62E524BFAC05}.Release|x64.Build.0 = Release|Any CPU
		{31680589-95BA-455D-AC44-62E524BFAC05}.Release|x86.ActiveCfg = Release|Any CPU
		{31680589-95BA-455D-AC44-62E524BFAC05}.Release|x86.Build.0 = Release|Any CPU
		{0FEF39F9-1192-4448-89D0-7CF9E2B4910B}.Debug|Any CPU.ActiveCfg = Debug|Any CPU
		{0FEF39F9-1192-4448-89D0-7CF9E2B4910B}.Debug|Any CPU.Build.0 = Debug|Any CPU
		{0FEF39F9-1192-4448-89D0-7CF9E2B4910B}.Debug|x64.ActiveCfg = Debug|Any CPU
		{0FEF39F9-1192-4448-89D0-7CF9E2B4910B}.Debug|x64.Build.0 = Debug|Any CPU
		{0FEF39F9-1192-4448-89D0-7CF9E2B4910B}.Debug|x86.ActiveCfg = Debug|Any CPU
		{0FEF39F9-1192-4448-89D0-7CF9E2B4910B}.Debug|x86.Build.0 = Debug|Any CPU
		{0FEF39F9-1192-4448-89D0-7CF9E2B4910B}.Release|Any CPU.ActiveCfg = Release|Any CPU
		{0FEF39F9-1192-4448-89D0-7CF9E2B4910B}.Release|Any CPU.Build.0 = Release|Any CPU
		{0FEF39F9-1192-4448-89D0-7CF9E2B4910B}.Release|x64.ActiveCfg = Release|Any CPU
		{0FEF39F9-1192-4448-89D0-7CF9E2B4910B}.Release|x64.Build.0 = Release|Any CPU
		{0FEF39F9-1192-4448-89D0-7CF9E2B4910B}.Release|x86.ActiveCfg = Release|Any CPU
		{0FEF39F9-1192-4448-89D0-7CF9E2B4910B}.Release|x86.Build.0 = Release|Any CPU
	EndGlobalSection
	GlobalSection(SolutionProperties) = preSolution
		HideSolutionNode = FALSE
	EndGlobalSection
	GlobalSection(NestedProjects) = preSolution
		{E6D65BD8-470C-4754-9DCC-34882BF12683} = {827E0CD3-B72D-47B6-A68D-7590B98EB39B}
		{FD1B937A-00A1-4A9F-A19B-50404986175A} = {827E0CD3-B72D-47B6-A68D-7590B98EB39B}
		{F83A6657-544C-4439-902E-7501461A75A1} = {827E0CD3-B72D-47B6-A68D-7590B98EB39B}
		{3A10DD5C-CF31-4BB8-8F61-D07D8F343FE8} = {0AB3BF05-4346-4AA6-1389-037BE0695223}
		{ABA3EBEF-5F27-442C-8888-5986BEAD592A} = {0AB3BF05-4346-4AA6-1389-037BE0695223}
		{C6F43E69-75D3-40CF-8973-8F666821DAAA} = {0AB3BF05-4346-4AA6-1389-037BE0695223}
		{4130E5A8-8132-4406-BADA-950F4E3DF15A} = {827E0CD3-B72D-47B6-A68D-7590B98EB39B}
		{F969A5BE-39E3-436A-BC7F-090BF889C9FE} = {0AB3BF05-4346-4AA6-1389-037BE0695223}
		{779F38CB-6559-4BE9-B3EE-23D060CC2210} = {07C2787E-EAC7-C090-1BA3-A61EC2A24D84}
		{E4CB81EC-2861-4C91-814E-2499BBB9425E} = {827E0CD3-B72D-47B6-A68D-7590B98EB39B}
		{79EAF723-1AFC-4D6C-AFFD-BC117FC2C0C1} = {0AB3BF05-4346-4AA6-1389-037BE0695223}
		{E1AA1A7A-72D8-4581-BA6A-1BD465AF866A} = {827E0CD3-B72D-47B6-A68D-7590B98EB39B}
		{31680589-95BA-455D-AC44-62E524BFAC05} = {827E0CD3-B72D-47B6-A68D-7590B98EB39B}
		{0FEF39F9-1192-4448-89D0-7CF9E2B4910B} = {827E0CD3-B72D-47B6-A68D-7590B98EB39B}
	EndGlobalSection
EndGlobal
